# This file was autogenerated by uv via the following command:
#    uv pip compile requirements.txt -o requirements.lock
aiohappyeyeballs==2.4.6
    # via
    #   -r requirements.txt
    #   aiohttp
aiohttp==3.11.12
    # via
    #   -r requirements.txt
    #   langchain
    #   langchain-fireworks
    #   lmnr
aiosignal==1.3.2
    # via
    #   -r requirements.txt
    #   aiohttp
annotated-types==0.7.0
    # via
    #   -r requirements.txt
    #   pydantic
anthropic==0.45.2
    # via
    #   -r requirements.txt
    #   langchain-anthropic
anyio==4.8.0
    # via
    #   -r requirements.txt
    #   anthropic
    #   httpx
    #   httpx-ws
    #   openai
argparse==1.4.0
    # via lmnr
attrs==25.1.0
    # via
    #   -r requirements.txt
    #   aiohttp
babel==2.17.0
    # via
    #   -r requirements.txt
    #   courlan
backoff==2.2.1
    # via
    #   -r requirements.txt
    #   posthog
beautifulsoup4==4.13.3
    # via
    #   -r requirements.txt
    #   browser-use
    #   maincontentextractor
    #   markdownify
blinker==1.9.0
    # via
    #   -r requirements.txt
    #   flask
boto3==1.36.18
    # via
    #   -r requirements.txt
    #   langchain-aws
botocore==1.36.18
    # via
    #   -r requirements.txt
    #   boto3
    #   s3transfer
browser-use==0.1.36
    # via -r requirements.txt
cachetools==5.5.1
    # via
    #   -r requirements.txt
    #   google-auth
certifi==2025.1.31
    # via
    #   -r requirements.txt
    #   httpcore
    #   httpx
    #   requests
    #   trafilatura
charset-normalizer==3.4.1
    # via
    #   -r requirements.txt
    #   htmldate
    #   requests
    #   trafilatura
click==8.1.8
    # via
    #   -r requirements.txt
    #   flask
courlan==1.3.2
    # via
    #   -r requirements.txt
    #   trafilatura
dateparser==1.2.1
    # via
    #   -r requirements.txt
    #   htmldate
defusedxml==0.7.1
    # via
    #   -r requirements.txt
    #   langchain-anthropic
deprecated==1.2.18
    # via
    #   -r requirements.txt
    #   opentelemetry-api
    #   opentelemetry-exporter-otlp-proto-grpc
    #   opentelemetry-exporter-otlp-proto-http
    #   opentelemetry-semantic-conventions
distro==1.9.0
    # via
    #   -r requirements.txt
    #   anthropic
    #   openai
filetype==1.2.0
    # via
    #   -r requirements.txt
    #   langchain-google-genai
fireworks-ai==0.15.12
    # via
    #   -r requirements.txt
    #   langchain-fireworks
flask==3.1.0
    # via -r requirements.txt
frozenlist==1.5.0
    # via
    #   -r requirements.txt
    #   aiohttp
    #   aiosignal
google-ai-generativelanguage==0.6.15
    # via
    #   -r requirements.txt
    #   google-generativeai
google-api-core==2.24.1
    # via
    #   -r requirements.txt
    #   google-ai-generativelanguage
    #   google-api-python-client
    #   google-generativeai
google-api-python-client==2.160.0
    # via
    #   -r requirements.txt
    #   google-generativeai
google-auth==2.38.0
    # via
    #   -r requirements.txt
    #   google-ai-generativelanguage
    #   google-api-core
    #   google-api-python-client
    #   google-auth-httplib2
    #   google-generativeai
google-auth-httplib2==0.2.0
    # via
    #   -r requirements.txt
    #   google-api-python-client
google-generativeai==0.8.4
    # via
    #   -r requirements.txt
    #   langchain-google-genai
googleapis-common-protos==1.67.0rc1
    # via
    #   -r requirements.txt
    #   google-api-core
    #   grpcio-status
    #   opentelemetry-exporter-otlp-proto-grpc
    #   opentelemetry-exporter-otlp-proto-http
greenlet==3.1.1
    # via
    #   -r requirements.txt
    #   playwright
grpcio==1.67.1
    # via
    #   -r requirements.txt
    #   google-api-core
    #   grpcio-status
    #   lmnr
    #   opentelemetry-exporter-otlp-proto-grpc
grpcio-status==1.67.1
    # via
    #   -r requirements.txt
    #   google-api-core
h11==0.14.0
    # via
    #   -r requirements.txt
    #   httpcore
    #   wsproto
html2text==2024.2.26
    # via
    #   -r requirements.txt
    #   maincontentextractor
htmldate==1.9.3
    # via
    #   -r requirements.txt
    #   trafilatura
httpcore==1.0.7
    # via
    #   -r requirements.txt
    #   httpx
    #   httpx-ws
httplib2==0.22.0
    # via
    #   -r requirements.txt
    #   google-api-python-client
    #   google-auth-httplib2
httpx==0.28.1
    # via
    #   -r requirements.txt
    #   anthropic
    #   browser-use
    #   fireworks-ai
    #   httpx-ws
    #   langsmith
    #   ollama
    #   openai
httpx-sse==0.4.0
    # via
    #   -r requirements.txt
    #   fireworks-ai
httpx-ws==0.7.1
    # via
    #   -r requirements.txt
    #   fireworks-ai
idna==3.10
    # via
    #   -r requirements.txt
    #   anyio
    #   httpx
    #   requests
    #   yarl
importlib-metadata==8.5.0
    # via
    #   -r requirements.txt
    #   opentelemetry-api
itsdangerous==2.2.0
    # via
    #   -r requirements.txt
    #   flask
jinja2==3.1.5
    # via
    #   -r requirements.txt
    #   flask
jiter==0.8.2
    # via
    #   -r requirements.txt
    #   anthropic
    #   openai
jmespath==1.0.1
    # via
    #   -r requirements.txt
    #   boto3
    #   botocore
jsonpatch==1.33
    # via
    #   -r requirements.txt
    #   langchain-core
jsonpointer==3.0.0
    # via
    #   -r requirements.txt
    #   jsonpatch
justext==3.0.1
    # via
    #   -r requirements.txt
    #   trafilatura
langchain==0.3.14
    # via
    #   -r requirements.txt
    #   browser-use
langchain-anthropic==0.3.3
    # via
    #   -r requirements.txt
    #   browser-use
langchain-aws==0.2.12
    # via
    #   -r requirements.txt
    #   browser-use
langchain-core==0.3.34
    # via
    #   -r requirements.txt
    #   langchain
    #   langchain-anthropic
    #   langchain-aws
    #   langchain-fireworks
    #   langchain-google-genai
    #   langchain-ollama
    #   langchain-openai
    #   langchain-text-splitters
langchain-fireworks==0.2.7
    # via
    #   -r requirements.txt
    #   browser-use
langchain-google-genai==2.0.8
    # via
    #   -r requirements.txt
    #   browser-use
langchain-ollama==0.2.2
    # via
    #   -r requirements.txt
    #   browser-use
langchain-openai==0.3.1
    # via
    #   -r requirements.txt
    #   browser-use
langchain-text-splitters==0.3.6
    # via
    #   -r requirements.txt
    #   langchain
langsmith==0.2.11
    # via
    #   -r requirements.txt
    #   langchain
    #   langchain-core
lmnr==0.4.60
    # via
    #   -r requirements.txt
    #   browser-use
lxml==5.3.1
    # via
    #   -r requirements.txt
    #   htmldate
    #   justext
    #   lxml-html-clean
    #   trafilatura
lxml-html-clean==0.4.1
    # via
    #   -r requirements.txt
    #   lxml
maincontentextractor==0.0.4
    # via
    #   -r requirements.txt
    #   browser-use
markdownify==0.14.1
    # via
    #   -r requirements.txt
    #   browser-use
markupsafe==3.0.2
    # via
    #   -r requirements.txt
    #   jinja2
    #   werkzeug
monotonic==1.6
    # via
    #   -r requirements.txt
    #   posthog
multidict==6.1.0
    # via
    #   -r requirements.txt
    #   aiohttp
    #   yarl
numpy==2.2.2
    # via
    #   -r requirements.txt
    #   langchain
    #   langchain-aws
ollama==0.4.7
    # via
    #   -r requirements.txt
    #   langchain-ollama
openai==1.62.0
    # via
    #   -r requirements.txt
    #   langchain-fireworks
    #   langchain-openai
opentelemetry-api==1.30.0
    # via
    #   -r requirements.txt
    #   lmnr
    #   opentelemetry-exporter-otlp-proto-grpc
    #   opentelemetry-exporter-otlp-proto-http
    #   opentelemetry-instrumentation
    #   opentelemetry-instrumentation-langchain
    #   opentelemetry-instrumentation-requests
    #   opentelemetry-instrumentation-sqlalchemy
    #   opentelemetry-instrumentation-threading
    #   opentelemetry-instrumentation-urllib3
    #   opentelemetry-sdk
    #   opentelemetry-semantic-conventions
opentelemetry-exporter-otlp-proto-common==1.30.0
    # via
    #   -r requirements.txt
    #   opentelemetry-exporter-otlp-proto-grpc
    #   opentelemetry-exporter-otlp-proto-http
opentelemetry-exporter-otlp-proto-grpc==1.30.0
    # via
    #   -r requirements.txt
    #   lmnr
opentelemetry-exporter-otlp-proto-http==1.30.0
    # via
    #   -r requirements.txt
    #   lmnr
opentelemetry-instrumentation==0.51b0
    # via
    #   -r requirements.txt
    #   opentelemetry-instrumentation-langchain
    #   opentelemetry-instrumentation-requests
    #   opentelemetry-instrumentation-sqlalchemy
    #   opentelemetry-instrumentation-threading
    #   opentelemetry-instrumentation-urllib3
opentelemetry-instrumentation-langchain==0.38.5
    # via
    #   -r requirements.txt
    #   lmnr
opentelemetry-instrumentation-requests==0.51b0
    # via
    #   -r requirements.txt
    #   lmnr
opentelemetry-instrumentation-sqlalchemy==0.51b0
    # via
    #   -r requirements.txt
    #   lmnr
opentelemetry-instrumentation-threading==0.51b0
    # via
    #   -r requirements.txt
    #   lmnr
opentelemetry-instrumentation-urllib3==0.51b0
    # via
    #   -r requirements.txt
    #   lmnr
opentelemetry-proto==1.30.0
    # via
    #   -r requirements.txt
    #   opentelemetry-exporter-otlp-proto-common
    #   opentelemetry-exporter-otlp-proto-grpc
    #   opentelemetry-exporter-otlp-proto-http
opentelemetry-sdk==1.30.0
    # via
    #   -r requirements.txt
    #   lmnr
    #   opentelemetry-exporter-otlp-proto-grpc
    #   opentelemetry-exporter-otlp-proto-http
opentelemetry-semantic-conventions==0.51b0
    # via
    #   -r requirements.txt
    #   opentelemetry-instrumentation
    #   opentelemetry-instrumentation-langchain
    #   opentelemetry-instrumentation-requests
    #   opentelemetry-instrumentation-sqlalchemy
    #   opentelemetry-instrumentation-urllib3
    #   opentelemetry-sdk
opentelemetry-semantic-conventions-ai==0.4.2
    # via
    #   -r requirements.txt
    #   lmnr
    #   opentelemetry-instrumentation-langchain
opentelemetry-util-http==0.51b0
    # via
    #   -r requirements.txt
    #   opentelemetry-instrumentation-requests
    #   opentelemetry-instrumentation-urllib3
orjson==3.10.15
    # via
    #   -r requirements.txt
    #   langsmith
packaging==24.2
    # via
    #   -r requirements.txt
    #   langchain-core
    #   opentelemetry-instrumentation
    #   opentelemetry-instrumentation-sqlalchemy
pillow==11.1.0
    # via
    #   -r requirements.txt
    #   fireworks-ai
playwright==1.49.1
    # via
    #   -r requirements.txt
    #   browser-use
posthog==3.13.0
    # via
    #   -r requirements.txt
    #   browser-use
propcache==0.2.1
    # via
    #   -r requirements.txt
    #   aiohttp
    #   yarl
proto-plus==1.26.0
    # via
    #   -r requirements.txt
    #   google-ai-generativelanguage
    #   google-api-core
protobuf==5.29.3
    # via
    #   -r requirements.txt
    #   google-ai-generativelanguage
    #   google-api-core
    #   google-generativeai
    #   googleapis-common-protos
    #   grpcio-status
    #   opentelemetry-proto
    #   proto-plus
pyasn1==0.6.1
    # via
    #   -r requirements.txt
    #   pyasn1-modules
    #   rsa
pyasn1-modules==0.4.1
    # via
    #   -r requirements.txt
    #   google-auth
pydantic==2.10.6
    # via
    #   -r requirements.txt
    #   anthropic
    #   browser-use
    #   fireworks-ai
    #   google-generativeai
    #   langchain
    #   langchain-anthropic
    #   langchain-aws
    #   langchain-core
    #   langchain-google-genai
    #   langsmith
    #   lmnr
    #   ollama
    #   openai
pydantic-core==2.27.2
    # via
    #   -r requirements.txt
    #   pydantic
pyee==12.0.0
    # via
    #   -r requirements.txt
    #   playwright
pyparsing==3.2.1
    # via
    #   -r requirements.txt
    #   httplib2
python-dateutil==2.9.0.post0
    # via
    #   -r requirements.txt
    #   botocore
    #   dateparser
    #   htmldate
    #   posthog
python-dotenv==1.0.1
    # via
    #   -r requirements.txt
    #   browser-use
    #   lmnr
pytz==2025.1
    # via
    #   -r requirements.txt
    #   dateparser
pyyaml==6.0.2
    # via
    #   -r requirements.txt
    #   langchain
    #   langchain-core
regex==2024.11.6
    # via
    #   -r requirements.txt
    #   dateparser
    #   tiktoken
requests==2.32.3
    # via
    #   -r requirements.txt
    #   browser-use
    #   google-api-core
    #   langchain
    #   langchain-fireworks
    #   langsmith
    #   lmnr
    #   opentelemetry-exporter-otlp-proto-http
    #   posthog
    #   requests-toolbelt
    #   tiktoken
requests-toolbelt==1.0.0
    # via
    #   -r requirements.txt
    #   langsmith
rsa==4.9
    # via
    #   -r requirements.txt
    #   google-auth
s3transfer==0.11.2
    # via
    #   -r requirements.txt
    #   boto3
setuptools==75.8.0
    # via
    #   -r requirements.txt
    #   browser-use
six==1.17.0
    # via
    #   -r requirements.txt
    #   markdownify
    #   posthog
    #   python-dateutil
sniffio==1.3.1
    # via
    #   -r requirements.txt
    #   anthropic
    #   anyio
    #   openai
soupsieve==2.6
    # via
    #   -r requirements.txt
    #   beautifulsoup4
sqlalchemy==2.0.38
    # via
    #   -r requirements.txt
    #   langchain
tenacity==9.0.0
    # via
    #   -r requirements.txt
    #   langchain
    #   langchain-core
    #   lmnr
tiktoken==0.8.0
    # via
    #   -r requirements.txt
    #   langchain-openai
tld==0.13
    # via
    #   -r requirements.txt
    #   courlan
tqdm==4.67.1
    # via
    #   -r requirements.txt
    #   google-generativeai
    #   lmnr
    #   openai
trafilatura==2.0.0
    # via
    #   -r requirements.txt
    #   maincontentextractor
typing-extensions==4.12.2
    # via
    #   -r requirements.txt
    #   anthropic
    #   beautifulsoup4
    #   google-generativeai
    #   langchain-core
    #   openai
    #   opentelemetry-sdk
    #   pydantic
    #   pydantic-core
    #   pyee
    #   sqlalchemy
tzlocal==5.2
    # via
    #   -r requirements.txt
    #   dateparser
uritemplate==4.1.1
    # via
    #   -r requirements.txt
    #   google-api-python-client
urllib3==2.3.0
    # via
    #   -r requirements.txt
    #   botocore
    #   courlan
    #   htmldate
    #   requests
    #   trafilatura
werkzeug==3.1.3
    # via
    #   -r requirements.txt
    #   flask
wrapt==1.17.2
    # via
    #   -r requirements.txt
    #   deprecated
    #   opentelemetry-instrumentation
    #   opentelemetry-instrumentation-sqlalchemy
    #   opentelemetry-instrumentation-threading
    #   opentelemetry-instrumentation-urllib3
wsproto==1.2.0
    # via
    #   -r requirements.txt
    #   httpx-ws
yarl==1.18.3
    # via
    #   -r requirements.txt
    #   aiohttp
zipp==3.21.0
    # via
    #   -r requirements.txt
    #   importlib-metadata
